
Microsoft Visual Studio Solution File, Format Version 12.00
# Visual Studio Version 17
VisualStudioVersion = 17.5.002.0
MinimumVisualStudioVersion = 10.0.40219.1
Project("{2150E333-8FDC-42A3-9474-1A3956D46DE8}") = "dotnet-docker", "dotnet-docker", "{C9B4205A-F16E-4444-85F3-07C3F7A67262}"
EndProject
Project("{9A19103F-16F7-4668-BE54-9A1E7A4F7556}") = "HelloWorldApi", "dotnet-docker\HelloWorldApi\HelloWorldApi.csproj", "{92696DD8-B256-449A-AFF5-65DD5231BC9E}"
EndProject
Global
	GlobalSection(SolutionConfigurationPlatforms) = preSolution
		Debug|Any CPU = Debug|Any CPU
		Release|Any CPU = Release|Any CPU
	EndGlobalSection
	GlobalSection(ProjectConfigurationPlatforms) = postSolution
		{92696DD8-B256-449A-AFF5-65DD5231BC9E}.Debug|Any CPU.ActiveCfg = Debug|Any CPU
		{92696DD8-B256-449A-AFF5-65DD5231BC9E}.Debug|Any CPU.Build.0 = Debug|Any CPU
		{92696DD8-B256-449A-AFF5-65DD5231BC9E}.Release|Any CPU.ActiveCfg = Release|Any CPU
		{92696DD8-B256-449A-AFF5-65DD5231BC9E}.Release|Any CPU.Build.0 = Release|Any CPU
	EndGlobalSection
	GlobalSection(SolutionProperties) = preSolution
		HideSolutionNode = FALSE
	EndGlobalSection
	GlobalSection(NestedProjects) = preSolution
		{92696DD8-B256-449A-AFF5-65DD5231BC9E} = {C9B4205A-F16E-4444-85F3-07C3F7A67262}
	EndGlobalSection
	GlobalSection(ExtensibilityGlobals) = postSolution
		SolutionGuid = {2E89A3DB-2F23-4417-A631-B3D8557CC625}
	EndGlobalSection
EndGlobal
